{
  "object": {
    "pins": [
      {
        "package": "mustache",
        "repositoryURL": "https://github.com/AlwaysRightInstitute/mustache.git",
        "state": {
          "branch": null,
          "revision": "37278804d39799bab33835bd4d662e46b603a412",
          "version": "0.5.4"
        }
      },
      {
        "package": "swift-nio",
        "repositoryURL": "https://github.com/apple/swift-nio.git",
        "state": {
          "branch": null,
          "revision": "1bcf85dd243cd51c5e9c1e164748c804af88e657",
          "version": "1.3.0"
        }
      },
      {
        "package": "swift-nio-zlib-support",
        "repositoryURL": "https://github.com/apple/swift-nio-zlib-support.git",
        "state": {
          "branch": null,
          "revision": "37760e9a52030bb9011972c5213c3350fa9d41fd",
          "version": "1.0.0"
        }
      }
    ]
  },
  "version": 1
}
